
Microsoft Visual Studio Solution File, Format Version 12.00
# Visual Studio Version 17
VisualStudioVersion = 17.7.33913.275
MinimumVisualStudioVersion = 10.0.40219.1
Project("{FAE04EC0-301F-11D3-BF4B-00C04F79EFBC}") = "TrainsSchedule.UWP", "TrainsSchedule\TrainsSchedule.UWP\TrainsSchedule.UWP.csproj", "{1B84D1F0-78D5-4AE7-AF74-E9B002FDB71A}"
EndProject
Project("{FAE04EC0-301F-11D3-BF4B-00C04F79EFBC}") = "TrainsSchedule.Android", "TrainsSchedule\TrainsSchedule.Android\TrainsSchedule.Android.csproj", "{5DEA2F95-6ECB-4CA8-B836-1460D2C2EA5B}"
EndProject
Project("{FAE04EC0-301F-11D3-BF4B-00C04F79EFBC}") = "TrainsSchedule.iOS", "TrainsSchedule\TrainsSchedule.iOS\TrainsSchedule.iOS.csproj", "{91A04768-9481-42C9-8D8D-46AC5ACB94CE}"
EndProject
Project("{FAE04EC0-301F-11D3-BF4B-00C04F79EFBC}") = "TrainsSchedule", "TrainsSchedule\TrainsSchedule\TrainsSchedule.csproj", "{2E300939-3D8A-4EA8-8239-37C6A6062876}"
EndProject
Global
	GlobalSection(SolutionConfigurationPlatforms) = preSolution
		Debug|Any CPU = Debug|Any CPU
		Debug|ARM = Debug|ARM
		Debug|iPhone = Debug|iPhone
		Debug|iPhoneSimulator = Debug|iPhoneSimulator
		Debug|x64 = Debug|x64
		Debug|x86 = Debug|x86
		Release|Any CPU = Release|Any CPU
		Release|ARM = Release|ARM
		Release|iPhone = Release|iPhone
		Release|iPhoneSimulator = Release|iPhoneSimulator
		Release|x64 = Release|x64
		Release|x86 = Release|x86
	EndGlobalSection
	GlobalSection(ProjectConfigurationPlatforms) = postSolution
		{1B84D1F0-78D5-4AE7-AF74-E9B002FDB71A}.Debug|Any CPU.ActiveCfg = Debug|x64
		{1B84D1F0-78D5-4AE7-AF74-E9B002FDB71A}.Debug|Any CPU.Build.0 = Debug|x64
		{1B84D1F0-78D5-4AE7-AF74-E9B002FDB71A}.Debug|Any CPU.Deploy.0 = Debug|x64
		{1B84D1F0-78D5-4AE7-AF74-E9B002FDB71A}.Debug|ARM.ActiveCfg = Debug|ARM
		{1B84D1F0-78D5-4AE7-AF74-E9B002FDB71A}.Debug|ARM.Build.0 = Debug|ARM
		{1B84D1F0-78D5-4AE7-AF74-E9B002FDB71A}.Debug|ARM.Deploy.0 = Debug|ARM
		{1B84D1F0-78D5-4AE7-AF74-E9B002FDB71A}.Debug|iPhone.ActiveCfg = Debug|x64
		{1B84D1F0-78D5-4AE7-AF74-E9B002FDB71A}.Debug|iPhone.Build.0 = Debug|x64
		{1B84D1F0-78D5-4AE7-AF74-E9B002FDB71A}.Debug|iPhone.Deploy.0 = Debug|x64
		{1B84D1F0-78D5-4AE7-AF74-E9B002FDB71A}.Debug|iPhoneSimulator.ActiveCfg = Debug|x64
		{1B84D1F0-78D5-4AE7-AF74-E9B002FDB71A}.Debug|iPhoneSimulator.Build.0 = Debug|x64
		{1B84D1F0-78D5-4AE7-AF74-E9B002FDB71A}.Debug|iPhoneSimulator.Deploy.0 = Debug|x64
		{1B84D1F0-78D5-4AE7-AF74-E9B002FDB71A}.Debug|x64.ActiveCfg = Debug|x64
		{1B84D1F0-78D5-4AE7-AF74-E9B002FDB71A}.Debug|x64.Build.0 = Debug|x64
		{1B84D1F0-78D5-4AE7-AF74-E9B002FDB71A}.Debug|x64.Deploy.0 = Debug|x64
		{1B84D1F0-78D5-4AE7-AF74-E9B002FDB71A}.Debug|x86.ActiveCfg = Debug|x86
		{1B84D1F0-78D5-4AE7-AF74-E9B002FDB71A}.Debug|x86.Build.0 = Debug|x86
		{1B84D1F0-78D5-4AE7-AF74-E9B002FDB71A}.Debug|x86.Deploy.0 = Debug|x86
		{1B84D1F0-78D5-4AE7-AF74-E9B002FDB71A}.Release|Any CPU.ActiveCfg = Release|x64
		{1B84D1F0-78D5-4AE7-AF74-E9B002FDB71A}.Release|Any CPU.Build.0 = Release|x64
		{1B84D1F0-78D5-4AE7-AF74-E9B002FDB71A}.Release|Any CPU.Deploy.0 = Release|x64
		{1B84D1F0-78D5-4AE7-AF74-E9B002FDB71A}.Release|ARM.ActiveCfg = Release|ARM
		{1B84D1F0-78D5-4AE7-AF74-E9B002FDB71A}.Release|ARM.Build.0 = Release|ARM
		{1B84D1F0-78D5-4AE7-AF74-E9B002FDB71A}.Release|ARM.Deploy.0 = Release|ARM
		{1B84D1F0-78D5-4AE7-AF74-E9B002FDB71A}.Release|iPhone.ActiveCfg = Release|x64
		{1B84D1F0-78D5-4AE7-AF74-E9B002FDB71A}.Release|iPhone.Build.0 = Release|x64
		{1B84D1F0-78D5-4AE7-AF74-E9B002FDB71A}.Release|iPhone.Deploy.0 = Release|x64
		{1B84D1F0-78D5-4AE7-AF74-E9B002FDB71A}.Release|iPhoneSimulator.ActiveCfg = Release|x64
		{1B84D1F0-78D5-4AE7-AF74-E9B002FDB71A}.Release|iPhoneSimulator.Build.0 = Release|x64
		{1B84D1F0-78D5-4AE7-AF74-E9B002FDB71A}.Release|iPhoneSimulator.Deploy.0 = Release|x64
		{1B84D1F0-78D5-4AE7-AF74-E9B002FDB71A}.Release|x64.ActiveCfg = Release|x64
		{1B84D1F0-78D5-4AE7-AF74-E9B002FDB71A}.Release|x64.Build.0 = Release|x64
		{1B84D1F0-78D5-4AE7-AF74-E9B002FDB71A}.Release|x64.Deploy.0 = Release|x64
		{1B84D1F0-78D5-4AE7-AF74-E9B002FDB71A}.Release|x86.ActiveCfg = Release|x86
		{1B84D1F0-78D5-4AE7-AF74-E9B002FDB71A}.Release|x86.Build.0 = Release|x86
		{1B84D1F0-78D5-4AE7-AF74-E9B002FDB71A}.Release|x86.Deploy.0 = Release|x86
		{5DEA2F95-6ECB-4CA8-B836-1460D2C2EA5B}.Debug|Any CPU.ActiveCfg = Debug|Any CPU
		{5DEA2F95-6ECB-4CA8-B836-1460D2C2EA5B}.Debug|Any CPU.Build.0 = Debug|Any CPU
		{5DEA2F95-6ECB-4CA8-B836-1460D2C2EA5B}.Debug|Any CPU.Deploy.0 = Debug|Any CPU
		{5DEA2F95-6ECB-4CA8-B836-1460D2C2EA5B}.Debug|ARM.ActiveCfg = Debug|Any CPU
		{5DEA2F95-6ECB-4CA8-B836-1460D2C2EA5B}.Debug|ARM.Build.0 = Debug|Any CPU
		{5DEA2F95-6ECB-4CA8-B836-1460D2C2EA5B}.Debug|ARM.Deploy.0 = Debug|Any CPU
		{5DEA2F95-6ECB-4CA8-B836-1460D2C2EA5B}.Debug|iPhone.ActiveCfg = Debug|Any CPU
		{5DEA2F95-6ECB-4CA8-B836-1460D2C2EA5B}.Debug|iPhone.Build.0 = Debug|Any CPU
		{5DEA2F95-6ECB-4CA8-B836-1460D2C2EA5B}.Debug|iPhone.Deploy.0 = Debug|Any CPU
		{5DEA2F95-6ECB-4CA8-B836-1460D2C2EA5B}.Debug|iPhoneSimulator.ActiveCfg = Debug|Any CPU
		{5DEA2F95-6ECB-4CA8-B836-1460D2C2EA5B}.Debug|iPhoneSimulator.Build.0 = Debug|Any CPU
		{5DEA2F95-6ECB-4CA8-B836-1460D2C2EA5B}.Debug|iPhoneSimulator.Deploy.0 = Debug|Any CPU
		{5DEA2F95-6ECB-4CA8-B836-1460D2C2EA5B}.Debug|x64.ActiveCfg = Debug|Any CPU
		{5DEA2F95-6ECB-4CA8-B836-1460D2C2EA5B}.Debug|x64.Build.0 = Debug|Any CPU
		{5DEA2F95-6ECB-4CA8-B836-1460D2C2EA5B}.Debug|x64.Deploy.0 = Debug|Any CPU
		{5DEA2F95-6ECB-4CA8-B836-1460D2C2EA5B}.Debug|x86.ActiveCfg = Debug|Any CPU
		{5DEA2F95-6ECB-4CA8-B836-1460D2C2EA5B}.Debug|x86.Build.0 = Debug|Any CPU
		{5DEA2F95-6ECB-4CA8-B836-1460D2C2EA5B}.Debug|x86.Deploy.0 = Debug|Any CPU
		{5DEA2F95-6ECB-4CA8-B836-1460D2C2EA5B}.Release|Any CPU.ActiveCfg = Release|Any CPU
		{5DEA2F95-6ECB-4CA8-B836-1460D2C2EA5B}.Release|Any CPU.Build.0 = Release|Any CPU
		{5DEA2F95-6ECB-4CA8-B836-1460D2C2EA5B}.Release|Any CPU.Deploy.0 = Release|Any CPU
		{5DEA2F95-6ECB-4CA8-B836-1460D2C2EA5B}.Release|ARM.ActiveCfg = Release|Any CPU
		{5DEA2F95-6ECB-4CA8-B836-1460D2C2EA5B}.Release|ARM.Build.0 = Release|Any CPU
		{5DEA2F95-6ECB-4CA8-B836-1460D2C2EA5B}.Release|ARM.Deploy.0 = Release|Any CPU
		{5DEA2F95-6ECB-4CA8-B836-1460D2C2EA5B}.Release|iPhone.ActiveCfg = Release|Any CPU
		{5DEA2F95-6ECB-4CA8-B836-1460D2C2EA5B}.Release|iPhone.Build.0 = Release|Any CPU
		{5DEA2F95-6ECB-4CA8-B836-1460D2C2EA5B}.Release|iPhone.Deploy.0 = Release|Any CPU
		{5DEA2F95-6ECB-4CA8-B836-1460D2C2EA5B}.Release|iPhoneSimulator.ActiveCfg = Release|Any CPU
		{5DEA2F95-6ECB-4CA8-B836-1460D2C2EA5B}.Release|iPhoneSimulator.Build.0 = Release|Any CPU
		{5DEA2F95-6ECB-4CA8-B836-1460D2C2EA5B}.Release|iPhoneSimulator.Deploy.0 = Release|Any CPU
		{5DEA2F95-6ECB-4CA8-B836-1460D2C2EA5B}.Release|x64.ActiveCfg = Release|Any CPU
		{5DEA2F95-6ECB-4CA8-B836-1460D2C2EA5B}.Release|x64.Build.0 = Release|Any CPU
		{5DEA2F95-6ECB-4CA8-B836-1460D2C2EA5B}.Release|x64.Deploy.0 = Release|Any CPU
		{5DEA2F95-6ECB-4CA8-B836-1460D2C2EA5B}.Release|x86.ActiveCfg = Release|Any CPU
		{5DEA2F95-6ECB-4CA8-B836-1460D2C2EA5B}.Release|x86.Build.0 = Release|Any CPU
		{5DEA2F95-6ECB-4CA8-B836-1460D2C2EA5B}.Release|x86.Deploy.0 = Release|Any CPU
		{91A04768-9481-42C9-8D8D-46AC5ACB94CE}.Debug|Any CPU.ActiveCfg = Debug|iPhoneSimulator
		{91A04768-9481-42C9-8D8D-46AC5ACB94CE}.Debug|Any CPU.Build.0 = Debug|iPhoneSimulator
		{91A04768-9481-42C9-8D8D-46AC5ACB94CE}.Debug|Any CPU.Deploy.0 = Debug|iPhoneSimulator
		{91A04768-9481-42C9-8D8D-46AC5ACB94CE}.Debug|ARM.ActiveCfg = Debug|iPhoneSimulator
		{91A04768-9481-42C9-8D8D-46AC5ACB94CE}.Debug|ARM.Build.0 = Debug|iPhoneSimulator
		{91A04768-9481-42C9-8D8D-46AC5ACB94CE}.Debug|ARM.Deploy.0 = Debug|iPhoneSimulator
		{91A04768-9481-42C9-8D8D-46AC5ACB94CE}.Debug|iPhone.ActiveCfg = Debug|iPhone
		{91A04768-9481-42C9-8D8D-46AC5ACB94CE}.Debug|iPhone.Build.0 = Debug|iPhone
		{91A04768-9481-42C9-8D8D-46AC5ACB94CE}.Debug|iPhone.Deploy.0 = Debug|iPhone
		{91A04768-9481-42C9-8D8D-46AC5ACB94CE}.Debug|iPhoneSimulator.ActiveCfg = Debug|iPhoneSimulator
		{91A04768-9481-42C9-8D8D-46AC5ACB94CE}.Debug|iPhoneSimulator.Build.0 = Debug|iPhoneSimulator
		{91A04768-9481-42C9-8D8D-46AC5ACB94CE}.Debug|iPhoneSimulator.Deploy.0 = Debug|iPhoneSimulator
		{91A04768-9481-42C9-8D8D-46AC5ACB94CE}.Debug|x64.ActiveCfg = Debug|iPhone
		{91A04768-9481-42C9-8D8D-46AC5ACB94CE}.Debug|x64.Build.0 = Debug|iPhone
		{91A04768-9481-42C9-8D8D-46AC5ACB94CE}.Debug|x64.Deploy.0 = Debug|iPhone
		{91A04768-9481-42C9-8D8D-46AC5ACB94CE}.Debug|x86.ActiveCfg = Debug|iPhoneSimulator
		{91A04768-9481-42C9-8D8D-46AC5ACB94CE}.Debug|x86.Build.0 = Debug|iPhoneSimulator
		{91A04768-9481-42C9-8D8D-46AC5ACB94CE}.Debug|x86.Deploy.0 = Debug|iPhoneSimulator
		{91A04768-9481-42C9-8D8D-46AC5ACB94CE}.Release|Any CPU.ActiveCfg = Release|iPhoneSimulator
		{91A04768-9481-42C9-8D8D-46AC5ACB94CE}.Release|Any CPU.Build.0 = Release|iPhoneSimulator
		{91A04768-9481-42C9-8D8D-46AC5ACB94CE}.Release|Any CPU.Deploy.0 = Release|iPhoneSimulator
		{91A04768-9481-42C9-8D8D-46AC5ACB94CE}.Release|ARM.ActiveCfg = Release|iPhoneSimulator
		{91A04768-9481-42C9-8D8D-46AC5ACB94CE}.Release|ARM.Build.0 = Release|iPhoneSimulator
		{91A04768-9481-42C9-8D8D-46AC5ACB94CE}.Release|ARM.Deploy.0 = Release|iPhoneSimulator
		{91A04768-9481-42C9-8D8D-46AC5ACB94CE}.Release|iPhone.ActiveCfg = Release|iPhone
		{91A04768-9481-42C9-8D8D-46AC5ACB94CE}.Release|iPhone.Build.0 = Release|iPhone
		{91A04768-9481-42C9-8D8D-46AC5ACB94CE}.Release|iPhone.Deploy.0 = Release|iPhone
		{91A04768-9481-42C9-8D8D-46AC5ACB94CE}.Release|iPhoneSimulator.ActiveCfg = Release|iPhoneSimulator
		{91A04768-9481-42C9-8D8D-46AC5ACB94CE}.Release|iPhoneSimulator.Build.0 = Release|iPhoneSimulator
		{91A04768-9481-42C9-8D8D-46AC5ACB94CE}.Release|iPhoneSimulator.Deploy.0 = Release|iPhoneSimulator
		{91A04768-9481-42C9-8D8D-46AC5ACB94CE}.Release|x64.ActiveCfg = Release|iPhoneSimulator
		{91A04768-9481-42C9-8D8D-46AC5ACB94CE}.Release|x64.Build.0 = Release|iPhoneSimulator
		{91A04768-9481-42C9-8D8D-46AC5ACB94CE}.Release|x64.Deploy.0 = Release|iPhoneSimulator
		{91A04768-9481-42C9-8D8D-46AC5ACB94CE}.Release|x86.ActiveCfg = Release|iPhoneSimulator
		{91A04768-9481-42C9-8D8D-46AC5ACB94CE}.Release|x86.Build.0 = Release|iPhoneSimulator
		{91A04768-9481-42C9-8D8D-46AC5ACB94CE}.Release|x86.Deploy.0 = Release|iPhoneSimulator
		{2E300939-3D8A-4EA8-8239-37C6A6062876}.Debug|Any CPU.ActiveCfg = Debug|Any CPU
		{2E300939-3D8A-4EA8-8239-37C6A6062876}.Debug|Any CPU.Build.0 = Debug|Any CPU
		{2E300939-3D8A-4EA8-8239-37C6A6062876}.Debug|Any CPU.Deploy.0 = Debug|Any CPU
		{2E300939-3D8A-4EA8-8239-37C6A6062876}.Debug|ARM.ActiveCfg = Debug|Any CPU
		{2E300939-3D8A-4EA8-8239-37C6A6062876}.Debug|ARM.Build.0 = Debug|Any CPU
		{2E300939-3D8A-4EA8-8239-37C6A6062876}.Debug|ARM.Deploy.0 = Debug|Any CPU
		{2E300939-3D8A-4EA8-8239-37C6A6062876}.Debug|iPhone.ActiveCfg = Debug|Any CPU
		{2E300939-3D8A-4EA8-8239-37C6A6062876}.Debug|iPhone.Build.0 = Debug|Any CPU
		{2E300939-3D8A-4EA8-8239-37C6A6062876}.Debug|iPhone.Deploy.0 = Debug|Any CPU
		{2E300939-3D8A-4EA8-8239-37C6A6062876}.Debug|iPhoneSimulator.ActiveCfg = Debug|Any CPU
		{2E300939-3D8A-4EA8-8239-37C6A6062876}.Debug|iPhoneSimulator.Build.0 = Debug|Any CPU
		{2E300939-3D8A-4EA8-8239-37C6A6062876}.Debug|iPhoneSimulator.Deploy.0 = Debug|Any CPU
		{2E300939-3D8A-4EA8-8239-37C6A6062876}.Debug|x64.ActiveCfg = Debug|Any CPU
		{2E300939-3D8A-4EA8-8239-37C6A6062876}.Debug|x64.Build.0 = Debug|Any CPU
		{2E300939-3D8A-4EA8-8239-37C6A6062876}.Debug|x64.Deploy.0 = Debug|Any CPU
		{2E300939-3D8A-4EA8-8239-37C6A6062876}.Debug|x86.ActiveCfg = Debug|Any CPU
		{2E300939-3D8A-4EA8-8239-37C6A6062876}.Debug|x86.Build.0 = Debug|Any CPU
		{2E300939-3D8A-4EA8-8239-37C6A6062876}.Debug|x86.Deploy.0 = Debug|Any CPU
		{2E300939-3D8A-4EA8-8239-37C6A6062876}.Release|Any CPU.ActiveCfg = Release|Any CPU
		{2E300939-3D8A-4EA8-8239-37C6A6062876}.Release|Any CPU.Build.0 = Release|Any CPU
		{2E300939-3D8A-4EA8-8239-37C6A6062876}.Release|Any CPU.Deploy.0 = Release|Any CPU
		{2E300939-3D8A-4EA8-8239-37C6A6062876}.Release|ARM.ActiveCfg = Release|Any CPU
		{2E300939-3D8A-4EA8-8239-37C6A6062876}.Release|ARM.Build.0 = Release|Any CPU
		{2E300939-3D8A-4EA8-8239-37C6A6062876}.Release|ARM.Deploy.0 = Release|Any CPU
		{2E300939-3D8A-4EA8-8239-37C6A6062876}.Release|iPhone.ActiveCfg = Release|Any CPU
		{2E300939-3D8A-4EA8-8239-37C6A6062876}.Release|iPhone.Build.0 = Release|Any CPU
		{2E300939-3D8A-4EA8-8239-37C6A6062876}.Release|iPhone.Deploy.0 = Release|Any CPU
		{2E300939-3D8A-4EA8-8239-37C6A6062876}.Release|iPhoneSimulator.ActiveCfg = Release|Any CPU
		{2E300939-3D8A-4EA8-8239-37C6A6062876}.Release|iPhoneSimulator.Build.0 = Release|Any CPU
		{2E300939-3D8A-4EA8-8239-37C6A6062876}.Release|iPhoneSimulator.Deploy.0 = Release|Any CPU
		{2E300939-3D8A-4EA8-8239-37C6A6062876}.Release|x64.ActiveCfg = Release|Any CPU
		{2E300939-3D8A-4EA8-8239-37C6A6062876}.Release|x64.Build.0 = Release|Any CPU
		{2E300939-3D8A-4EA8-8239-37C6A6062876}.Release|x64.Deploy.0 = Release|Any CPU
		{2E300939-3D8A-4EA8-8239-37C6A6062876}.Release|x86.ActiveCfg = Release|Any CPU
		{2E300939-3D8A-4EA8-8239-37C6A6062876}.Release|x86.Build.0 = Release|Any CPU
		{2E300939-3D8A-4EA8-8239-37C6A6062876}.Release|x86.Deploy.0 = Release|Any CPU
	EndGlobalSection
	GlobalSection(SolutionProperties) = preSolution
		HideSolutionNode = FALSE
	EndGlobalSection
	GlobalSection(ExtensibilityGlobals) = postSolution
		SolutionGuid = {20C7DD2F-6315-4C00-A9A8-B2A35EB4E199}
	EndGlobalSection
EndGlobal
